
Microsoft Visual Studio Solution File, Format Version 12.00
# Visual Studio Version 17
VisualStudioVersion = 17.0.31903.59
MinimumVisualStudioVersion = 10.0.40219.1
Project("{FAE04EC0-301F-11D3-BF4B-00C04F79EFBC}") = "GitInfo", "GitInfo\GitInfo.csproj", "{2A04CB5D-78C7-4D1B-B169-172EE95EC24D}"
EndProject
Project("{FAE04EC0-301F-11D3-BF4B-00C04F79EFBC}") = "GitInfo.UnitTests", "GitInfo.UnitTests\GitInfo.UnitTests.csproj", "{3C68ECE5-ED3B-44FA-8915-408527DFFFD1}"
EndProject
Project("{2150E333-8FDC-42A3-9474-1A3956D46DE8}") = "_global", "_global", "{EAB50D69-3B76-4BAD-B0A4-2B62F0B13FF9}"
	ProjectSection(SolutionItems) = preProject
		..\.editorconfig = ..\.editorconfig
		..\.gitignore = ..\.gitignore
		..\LICENSE = ..\LICENSE
		..\README.md = ..\README.md
		..\.github\workflows\build.yaml = ..\.github\workflows\build.yaml
	EndProjectSection
EndProject
Project("{FAE04EC0-301F-11D3-BF4B-00C04F79EFBC}") = "GitInfo.Out", "GitInfo.Out\GitInfo.Out.csproj", "{C137DB60-1C5B-40F9-B87E-74CD97922376}"
EndProject
Global
	GlobalSection(SolutionConfigurationPlatforms) = preSolution
		Debug|Any CPU = Debug|Any CPU
		Release|Any CPU = Release|Any CPU
	EndGlobalSection
	GlobalSection(SolutionProperties) = preSolution
		HideSolutionNode = FALSE
	EndGlobalSection
	GlobalSection(ProjectConfigurationPlatforms) = postSolution
		{2A04CB5D-78C7-4D1B-B169-172EE95EC24D}.Debug|Any CPU.ActiveCfg = Debug|Any CPU
		{2A04CB5D-78C7-4D1B-B169-172EE95EC24D}.Debug|Any CPU.Build.0 = Debug|Any CPU
		{2A04CB5D-78C7-4D1B-B169-172EE95EC24D}.Release|Any CPU.ActiveCfg = Release|Any CPU
		{2A04CB5D-78C7-4D1B-B169-172EE95EC24D}.Release|Any CPU.Build.0 = Release|Any CPU
		{3C68ECE5-ED3B-44FA-8915-408527DFFFD1}.Debug|Any CPU.ActiveCfg = Debug|Any CPU
		{3C68ECE5-ED3B-44FA-8915-408527DFFFD1}.Debug|Any CPU.Build.0 = Debug|Any CPU
		{3C68ECE5-ED3B-44FA-8915-408527DFFFD1}.Release|Any CPU.ActiveCfg = Release|Any CPU
		{3C68ECE5-ED3B-44FA-8915-408527DFFFD1}.Release|Any CPU.Build.0 = Release|Any CPU
		{C137DB60-1C5B-40F9-B87E-74CD97922376}.Debug|Any CPU.ActiveCfg = Debug|Any CPU
		{C137DB60-1C5B-40F9-B87E-74CD97922376}.Debug|Any CPU.Build.0 = Debug|Any CPU
		{C137DB60-1C5B-40F9-B87E-74CD97922376}.Release|Any CPU.ActiveCfg = Release|Any CPU
		{C137DB60-1C5B-40F9-B87E-74CD97922376}.Release|Any CPU.Build.0 = Release|Any CPU
	EndGlobalSection
EndGlobal
